
Microsoft Visual Studio Solution File, Format Version 12.00
# Visual Studio Version 16
VisualStudioVersion = 16.0.29230.47
MinimumVisualStudioVersion = 10.0.40219.1
Project("{FAE04EC0-301F-11D3-BF4B-00C04F79EFBC}") = "Lab6", "Lab6.csproj", "{D282665A-8463-412A-85A0-1D4481D60711}"
EndProject
Global
	GlobalSection(SolutionConfigurationPlatforms) = preSolution
		Debug|Any CPU = Debug|Any CPU
		Release|Any CPU = Release|Any CPU
	EndGlobalSection
	GlobalSection(ProjectConfigurationPlatforms) = postSolution
		{D282665A-8463-412A-85A0-1D4481D60711}.Debug|Any CPU.ActiveCfg = Debug|Any CPU
		{D282665A-8463-412A-85A0-1D4481D60711}.Debug|Any CPU.Build.0 = Debug|Any CPU
		{D282665A-8463-412A-85A0-1D4481D60711}.Release|Any CPU.ActiveCfg = Release|Any CPU
		{D282665A-8463-412A-85A0-1D4481D60711}.Release|Any CPU.Build.0 = Release|Any CPU
	EndGlobalSection
	GlobalSection(SolutionProperties) = preSolution
		HideSolutionNode = FALSE
	EndGlobalSection
	GlobalSection(ExtensibilityGlobals) = postSolution
		SolutionGuid = {822CB219-8F23-4CAE-BD35-CB3C7DB6F88B}
	EndGlobalSection
EndGlobal
